// !$*UTF8*$!
{
	archiveVersion = 1;
	classes = {
	};
	objectVersion = 46;
	objects = {

/* Begin PBXBuildFile section */
		BF949C6B1D3F146B004BD92E /* AppDelegate.swift in Sources */ = {isa = PBXBuildFile; fileRef = BF949C6A1D3F146B004BD92E /* AppDelegate.swift */; };
		BF949C6D1D3F146B004BD92E /* CardViewController.swift in Sources */ = {isa = PBXBuildFile; fileRef = BF949C6C1D3F146B004BD92E /* CardViewController.swift */; };
		BF949C701D3F146B004BD92E /* Main.storyboard in Resources */ = {isa = PBXBuildFile; fileRef = BF949C6E1D3F146B004BD92E /* Main.storyboard */; };
		BF949C721D3F146B004BD92E /* Assets.xcassets in Resources */ = {isa = PBXBuildFile; fileRef = BF949C711D3F146B004BD92E /* Assets.xcassets */; };
		BF949C751D3F146B004BD92E /* LaunchScreen.storyboard in Resources */ = {isa = PBXBuildFile; fileRef = BF949C731D3F146B004BD92E /* LaunchScreen.storyboard */; };
		BF949C7E1D3F15FD004BD92E /* CardCell.xib in Resources */ = {isa = PBXBuildFile; fileRef = BF949C7D1D3F15FD004BD92E /* CardCell.xib */; };
		BF949C801D3F1618004BD92E /* CardCell.swift in Sources */ = {isa = PBXBuildFile; fileRef = BF949C7F1D3F1618004BD92E /* CardCell.swift */; };
/* End PBXBuildFile section */

/* Begin PBXFileReference section */
		BF949C671D3F146B004BD92E /* Cards.app */ = {isa = PBXFileReference; explicitFileType = wrapper.application; includeInIndex = 0; path = Cards.app; sourceTree = BUILT_PRODUCTS_DIR; };
		BF949C6A1D3F146B004BD92E /* AppDelegate.swift */ = {isa = PBXFileReference; lastKnownFileType = sourcecode.swift; path = AppDelegate.swift; sourceTree = "<group>"; };
		BF949C6C1D3F146B004BD92E /* CardViewController.swift */ = {isa = PBXFileReference; lastKnownFileType = sourcecode.swift; path = CardViewController.swift; sourceTree = "<group>"; };
		BF949C6F1D3F146B004BD92E /* Base */ = {isa = PBXFileReference; lastKnownFileType = file.storyboard; name = Base; path = Base.lproj/Main.storyboard; sourceTree = "<group>"; };
		BF949C711D3F146B004BD92E /* Assets.xcassets */ = {isa = PBXFileReference; lastKnownFileType = folder.assetcatalog; path = Assets.xcassets; sourceTree = "<group>"; };
		BF949C741D3F146B004BD92E /* Base */ = {isa = PBXFileReference; lastKnownFileType = file.storyboard; name = Base; path = Base.lproj/LaunchScreen.storyboard; sourceTree = "<group>"; };
		BF949C761D3F146B004BD92E /* Info.plist */ = {isa = PBXFileReference; lastKnownFileType = text.plist.xml; path = Info.plist; sourceTree = "<group>"; };
		BF949C7D1D3F15FD004BD92E /* CardCell.xib */ = {isa = PBXFileReference; fileEncoding = 4; lastKnownFileType = file.xib; path = CardCell.xib; sourceTree = "<group>"; };
		BF949C7F1D3F1618004BD92E /* CardCell.swift */ = {isa = PBXFileReference; fileEncoding = 4; lastKnownFileType = sourcecode.swift; path = CardCell.swift; sourceTree = "<group>"; };
/* End PBXFileReference section */

/* Begin PBXFrameworksBuildPhase section */
		BF949C641D3F146B004BD92E /* Frameworks */ = {
			isa = PBXFrameworksBuildPhase;
			buildActionMask = 2147483647;
			files = (
			);
			runOnlyForDeploymentPostprocessing = 0;
		};
/* End PBXFrameworksBuildPhase section */

/* Begin PBXGroup section */
		BF949C5E1D3F146B004BD92E = {
			isa = PBXGroup;
			children = (
				BF949C691D3F146B004BD92E /* Cards */,
				BF949C681D3F146B004BD92E /* Products */,
			);
			sourceTree = "<group>";
		};
		BF949C681D3F146B004BD92E /* Products */ = {
			isa = PBXGroup;
			children = (
				BF949C671D3F146B004BD92E /* Cards.app */,
			);
			name = Products;
			sourceTree = "<group>";
		};
		BF949C691D3F146B004BD92E /* Cards */ = {
			isa = PBXGroup;
			children = (
				BF949C7C1D3F14EB004BD92E /* Support */,
				BF949C6C1D3F146B004BD92E /* CardViewController.swift */,
				BF949C6E1D3F146B004BD92E /* Main.storyboard */,
				BF949C7F1D3F1618004BD92E /* CardCell.swift */,
				BF949C7D1D3F15FD004BD92E /* CardCell.xib */,
			);
			path = Cards;
			sourceTree = "<group>";
		};
		BF949C7C1D3F14EB004BD92E /* Support */ = {
			isa = PBXGroup;
			children = (
				BF949C6A1D3F146B004BD92E /* AppDelegate.swift */,
				BF949C711D3F146B004BD92E /* Assets.xcassets */,
				BF949C731D3F146B004BD92E /* LaunchScreen.storyboard */,
				BF949C761D3F146B004BD92E /* Info.plist */,
			);
			name = Support;
			sourceTree = "<group>";
		};
/* End PBXGroup section */

/* Begin PBXNativeTarget section */
		BF949C661D3F146B004BD92E /* Cards */ = {
			isa = PBXNativeTarget;
			buildConfigurationList = BF949C791D3F146B004BD92E /* Build configuration list for PBXNativeTarget "Cards" */;
			buildPhases = (
				BF949C631D3F146B004BD92E /* Sources */,
				BF949C641D3F146B004BD92E /* Frameworks */,
				BF949C651D3F146B004BD92E /* Resources */,
			);
			buildRules = (
			);
			dependencies = (
			);
			name = Cards;
			productName = Cards;
			productReference = BF949C671D3F146B004BD92E /* Cards.app */;
			productType = "com.apple.product-type.application";
		};
/* End PBXNativeTarget section */

/* Begin PBXProject section */
		BF949C5F1D3F146B004BD92E /* Project object */ = {
			isa = PBXProject;
			attributes = {
				LastSwiftUpdateCheck = 0730;
				LastUpgradeCheck = 0730;
				ORGANIZATIONNAME = com.github.shaneqi;
				TargetAttributes = {
					BF949C661D3F146B004BD92E = {
						CreatedOnToolsVersion = 7.3.1;
					};
				};
			};
			buildConfigurationList = BF949C621D3F146B004BD92E /* Build configuration list for PBXProject "Cards" */;
			compatibilityVersion = "Xcode 3.2";
			developmentRegion = English;
			hasScannedForEncodings = 0;
			knownRegions = (
				en,
				Base,
			);
			mainGroup = BF949C5E1D3F146B004BD92E;
			productRefGroup = BF949C681D3F146B004BD92E /* Products */;
			projectDirPath = "";
			projectRoot = "";
			targets = (
				BF949C661D3F146B004BD92E /* Cards */,
			);
		};
/* End PBXProject section */

/* Begin PBXResourcesBuildPhase section */
		BF949C651D3F146B004BD92E /* Resources */ = {
			isa = PBXResourcesBuildPhase;
			buildActionMask = 2147483647;
			files = (
				BF949C751D3F146B004BD92E /* LaunchScreen.storyboard in Resources */,
				BF949C721D3F146B004BD92E /* Assets.xcassets in Resources */,
				BF949C701D3F146B004BD92E /* Main.storyboard in Resources */,
				BF949C7E1D3F15FD004BD92E /* CardCell.xib in Resources */,
			);
			runOnlyForDeploymentPostprocessing = 0;
		};
/* End PBXResourcesBuildPhase section */

/* Begin PBXSourcesBuildPhase section */
		BF949C631D3F146B004BD92E /* Sources */ = {
			isa = PBXSourcesBuildPhase;
			buildActionMask = 2147483647;
			files = (
				BF949C6D1D3F146B004BD92E /* CardViewController.swift in Sources */,
				BF949C6B1D3F146B004BD92E /* AppDelegate.swift in Sources */,
				BF949C801D3F1618004BD92E /* CardCell.swift in Sources */,
			);
			runOnlyForDeploymentPostprocessing = 0;
		};
/* End PBXSourcesBuildPhase section */

/* Begin PBXVariantGroup section */
		BF949C6E1D3F146B004BD92E /* Main.storyboard */ = {
			isa = PBXVariantGroup;
			children = (
				BF949C6F1D3F146B004BD92E /* Base */,
			);
			name = Main.storyboard;
			sourceTree = "<group>";
		};
		BF949C731D3F146B004BD92E /* LaunchScreen.storyboard */ = {
			isa = PBXVariantGroup;
			children = (
				BF949C741D3F146B004BD92E /* Base */,
			);
			name = LaunchScreen.storyboard;
			sourceTree = "<group>";
		};
/* End PBXVariantGroup section */

/* Begin XCBuildConfiguration section */
		BF949C771D3F146B004BD92E /* Debug */ = {
			isa = XCBuildConfiguration;
			buildSettings = {
				ALWAYS_SEARCH_USER_PATHS = NO;
				CLANG_ANALYZER_NONNULL = YES;
				CLANG_CXX_LANGUAGE_STANDARD = "gnu++0x";
				CLANG_CXX_LIBRARY = "libc++";
				CLANG_ENABLE_MODULES = YES;
				CLANG_ENABLE_OBJC_ARC = YES;
				CLANG_WARN_BOOL_CONVERSION = YES;
				CLANG_WARN_CONSTANT_CONVERSION = YES;
				CLANG_WARN_DIRECT_OBJC_ISA_USAGE = YES_ERROR;
				CLANG_WARN_EMPTY_BODY = YES;
				CLANG_WARN_ENUM_CONVERSION = YES;
				CLANG_WARN_INT_CONVERSION = YES;
				CLANG_WARN_OBJC_ROOT_CLASS = YES_ERROR;
				CLANG_WARN_UNREACHABLE_CODE = YES;
				CLANG_WARN__DUPLICATE_METHOD_MATCH = YES;
				"CODE_SIGN_IDENTITY[sdk=iphoneos*]" = "iPhone Developer";
				COPY_PHASE_STRIP = NO;
				DEBUG_INFORMATION_FORMAT = dwarf;
				ENABLE_STRICT_OBJC_MSGSEND = YES;
				ENABLE_TESTABILITY = YES;
				GCC_C_LANGUAGE_STANDARD = gnu99;
				GCC_DYNAMIC_NO_PIC = NO;
				GCC_NO_COMMON_BLOCKS = YES;
				GCC_OPTIMIZATION_LEVEL = 0;
				GCC_PREPROCESSOR_DEFINITIONS = (
					"DEBUG=1",
					"$(inherited)",
				);
				GCC_WARN_64_TO_32_BIT_CONVERSION = YES;
				GCC_WARN_ABOUT_RETURN_TYPE = YES_ERROR;
				GCC_WARN_UNDECLARED_SELECTOR = YES;
				GCC_WARN_UNINITIALIZED_AUTOS = YES_AGGRESSIVE;
				GCC_WARN_UNUSED_FUNCTION = YES;
				GCC_WARN_UNUSED_VARIABLE = YES;
				IPHONEOS_DEPLOYMENT_TARGET = 9.3;
				MTL_ENABLE_DEBUG_INFO = YES;
				ONLY_ACTIVE_ARCH = YES;
				SDKROOT = iphoneos;
				SWIFT_OPTIMIZATION_LEVEL = "-Onone";
			};
			name = Debug;
		};
		BF949C781D3F146B004BD92E /* Release */ = {
			isa = XCBuildConfiguration;
			buildSettings = {
				ALWAYS_SEARCH_USER_PATHS = NO;
				CLANG_ANALYZER_NONNULL = YES;
				CLANG_CXX_LANGUAGE_STANDARD = "gnu++0x";
				CLANG_CXX_LIBRARY = "libc++";
				CLANG_ENABLE_MODULES = YES;
				CLANG_ENABLE_OBJC_ARC = YES;
				CLANG_WARN_BOOL_CONVERSION = YES;
				CLANG_WARN_CONSTANT_CONVERSION = YES;
				CLANG_WARN_DIRECT_OBJC_ISA_USAGE = YES_ERROR;
				CLANG_WARN_EMPTY_BODY = YES;
				CLANG_WARN_ENUM_CONVERSION = YES;
				CLANG_WARN_INT_CONVERSION = YES;
				CLANG_WARN_OBJC_ROOT_CLASS = YES_ERROR;
				CLANG_WARN_UNREACHABLE_CODE = YES;
				CLANG_WARN__DUPLICATE_METHOD_MATCH = YES;
				"CODE_SIGN_IDENTITY[sdk=iphoneos*]" = "iPhone Developer";
				COPY_PHASE_STRIP = NO;
				DEBUG_INFORMATION_FORMAT = "dwarf-with-dsym";
				ENABLE_NS_ASSERTIONS = NO;
				ENABLE_STRICT_OBJC_MSGSEND = YES;
				GCC_C_LANGUAGE_STANDARD = gnu99;
				GCC_NO_COMMON_BLOCKS = YES;
				GCC_WARN_64_TO_32_BIT_CONVERSION = YES;
				GCC_WARN_ABOUT_RETURN_TYPE = YES_ERROR;
				GCC_WARN_UNDECLARED_SELECTOR = YES;
				GCC_WARN_UNINITIALIZED_AUTOS = YES_AGGRESSIVE;
				GCC_WARN_UNUSED_FUNCTION = YES;
				GCC_WARN_UNUSED_VARIABLE = YES;
				IPHONEOS_DEPLOYMENT_TARGET = 9.3;
				MTL_ENABLE_DEBUG_INFO = NO;
				SDKROOT = iphoneos;
				VALIDATE_PRODUCT = YES;
			};
			name = Release;
		};
		BF949C7A1D3F146B004BD92E /* Debug */ = {
			isa = XCBuildConfiguration;
			buildSettings = {
				ASSETCATALOG_COMPILER_APPICON_NAME = AppIcon;
				INFOPLIST_FILE = Cards/Info.plist;
				LD_RUNPATH_SEARCH_PATHS = "$(inherited) @executable_path/Frameworks";
				PRODUCT_BUNDLE_IDENTIFIER = com.github.shaneqi.Cards;
				PRODUCT_NAME = "$(TARGET_NAME)";
			};
			name = Debug;
		};
		BF949C7B1D3F146B004BD92E /* Release */ = {
			isa = XCBuildConfiguration;
			buildSettings = {
				ASSETCATALOG_COMPILER_APPICON_NAME = AppIcon;
				INFOPLIST_FILE = Cards/Info.plist;
				LD_RUNPATH_SEARCH_PATHS = "$(inherited) @executable_path/Frameworks";
				PRODUCT_BUNDLE_IDENTIFIER = com.github.shaneqi.Cards;
				PRODUCT_NAME = "$(TARGET_NAME)";
			};
			name = Release;
		};
/* End XCBuildConfiguration section */

/* Begin XCConfigurationList section */
		BF949C621D3F146B004BD92E /* Build configuration list for PBXProject "Cards" */ = {
			isa = XCConfigurationList;
			buildConfigurations = (
				BF949C771D3F146B004BD92E /* Debug */,
				BF949C781D3F146B004BD92E /* Release */,
			);
			defaultConfigurationIsVisible = 0;
			defaultConfigurationName = Release;
		};
		BF949C791D3F146B004BD92E /* Build configuration list for PBXNativeTarget "Cards" */ = {
			isa = XCConfigurationList;
			buildConfigurations = (
				BF949C7A1D3F146B004BD92E /* Debug */,
				BF949C7B1D3F146B004BD92E /* Release */,
			);
			defaultConfigurationIsVisible = 0;
			defaultConfigurationName = Release;
		};
/* End XCConfigurationList section */
	};
	rootObject = BF949C5F1D3F146B004BD92E /* Project object */;
}
